// !$*UTF8*$!
{
	archiveVersion = 1;
	classes = {
	};
	objectVersion = 51;
	objects = {

/* Begin PBXBuildFile section */
		B20CB68E246982610091BFD3 /* LogonView.swift in Sources */ = {isa = PBXBuildFile; fileRef = B20CB68D246982610091BFD3 /* LogonView.swift */; };
		B20CB6902469904D0091BFD3 /* ForgetView.swift in Sources */ = {isa = PBXBuildFile; fileRef = B20CB68F2469904D0091BFD3 /* ForgetView.swift */; };
		B20E437E24558CD600FEE651 /* AppDelegate.swift in Sources */ = {isa = PBXBuildFile; fileRef = B20E437D24558CD600FEE651 /* AppDelegate.swift */; };
		B20E438024558CD600FEE651 /* SceneDelegate.swift in Sources */ = {isa = PBXBuildFile; fileRef = B20E437F24558CD600FEE651 /* SceneDelegate.swift */; };
		B20E438224558CD600FEE651 /* LoginView.swift in Sources */ = {isa = PBXBuildFile; fileRef = B20E438124558CD600FEE651 /* LoginView.swift */; };
		B20E438424558CD900FEE651 /* Assets.xcassets in Resources */ = {isa = PBXBuildFile; fileRef = B20E438324558CD900FEE651 /* Assets.xcassets */; };
		B20E438724558CD900FEE651 /* Preview Assets.xcassets in Resources */ = {isa = PBXBuildFile; fileRef = B20E438624558CD900FEE651 /* Preview Assets.xcassets */; };
		B20E438A24558CD900FEE651 /* LaunchScreen.storyboard in Resources */ = {isa = PBXBuildFile; fileRef = B20E438824558CD900FEE651 /* LaunchScreen.storyboard */; };
		B20EB8A5246D8F3300D848C8 /* NoteStore.swift in Sources */ = {isa = PBXBuildFile; fileRef = B20EB8A4246D8F3300D848C8 /* NoteStore.swift */; };
		B20F9F0224757FA800A4A2E8 /* TextView.swift in Sources */ = {isa = PBXBuildFile; fileRef = B20F9F0124757FA800A4A2E8 /* TextView.swift */; };
		B20F9F042475826C00A4A2E8 /* NoteView.swift in Sources */ = {isa = PBXBuildFile; fileRef = B20F9F032475826C00A4A2E8 /* NoteView.swift */; };
		B214643C2479206D0051842B /* FFUserDefault.swift in Sources */ = {isa = PBXBuildFile; fileRef = B214643B2479206D0051842B /* FFUserDefault.swift */; };
		B2239D33246A2E2000D19C26 /* LoadingButton.swift in Sources */ = {isa = PBXBuildFile; fileRef = B2239D32246A2E2000D19C26 /* LoadingButton.swift */; };
		B22BF5712477A43F00CF1FAD /* AddNoteView.swift in Sources */ = {isa = PBXBuildFile; fileRef = B22BF5702477A43F00CF1FAD /* AddNoteView.swift */; };
		B23C6D2E24696E5C006DF363 /* KeyboardRespnder.swift in Sources */ = {isa = PBXBuildFile; fileRef = B23C6D2D24696E5C006DF363 /* KeyboardRespnder.swift */; };
		B23C6D3224697C2A006DF363 /* LoadingView.swift in Sources */ = {isa = PBXBuildFile; fileRef = B23C6D3124697C2A006DF363 /* LoadingView.swift */; };
		B258B3E22479494A00E273A9 /* AccountView.swift in Sources */ = {isa = PBXBuildFile; fileRef = B258B3E12479494A00E273A9 /* AccountView.swift */; };
		B269617D24559B0E00D4DD08 /* NoteListView.swift in Sources */ = {isa = PBXBuildFile; fileRef = B269617C24559B0E00D4DD08 /* NoteListView.swift */; };
		B2C287FD246D9EB10064E345 /* MenuView.swift in Sources */ = {isa = PBXBuildFile; fileRef = B2C287FC246D9EB10064E345 /* MenuView.swift */; };
		B2C287FF246D9F200064E345 /* BlurView.swift in Sources */ = {isa = PBXBuildFile; fileRef = B2C287FE246D9F1F0064E345 /* BlurView.swift */; };
		B3C1B5BA0F341254A466BD1E /* Pods_Note.framework in Frameworks */ = {isa = PBXBuildFile; fileRef = EFC19102267598600865FD7C /* Pods_Note.framework */; };
/* End PBXBuildFile section */

/* Begin PBXFileReference section */
		1ECB263E9A79232844B32DA1 /* Pods-Note.debug.xcconfig */ = {isa = PBXFileReference; includeInIndex = 1; lastKnownFileType = text.xcconfig; name = "Pods-Note.debug.xcconfig"; path = "Target Support Files/Pods-Note/Pods-Note.debug.xcconfig"; sourceTree = "<group>"; };
		99559A4BA3ABF9F8640E2E7C /* Pods-Note.release.xcconfig */ = {isa = PBXFileReference; includeInIndex = 1; lastKnownFileType = text.xcconfig; name = "Pods-Note.release.xcconfig"; path = "Target Support Files/Pods-Note/Pods-Note.release.xcconfig"; sourceTree = "<group>"; };
		B20CB68D246982610091BFD3 /* LogonView.swift */ = {isa = PBXFileReference; lastKnownFileType = sourcecode.swift; path = LogonView.swift; sourceTree = "<group>"; };
		B20CB68F2469904D0091BFD3 /* ForgetView.swift */ = {isa = PBXFileReference; lastKnownFileType = sourcecode.swift; path = ForgetView.swift; sourceTree = "<group>"; };
		B20E437A24558CD600FEE651 /* Note.app */ = {isa = PBXFileReference; explicitFileType = wrapper.application; includeInIndex = 0; path = Note.app; sourceTree = BUILT_PRODUCTS_DIR; };
		B20E437D24558CD600FEE651 /* AppDelegate.swift */ = {isa = PBXFileReference; lastKnownFileType = sourcecode.swift; path = AppDelegate.swift; sourceTree = "<group>"; };
		B20E437F24558CD600FEE651 /* SceneDelegate.swift */ = {isa = PBXFileReference; lastKnownFileType = sourcecode.swift; path = SceneDelegate.swift; sourceTree = "<group>"; };
		B20E438124558CD600FEE651 /* LoginView.swift */ = {isa = PBXFileReference; lastKnownFileType = sourcecode.swift; path = LoginView.swift; sourceTree = "<group>"; };
		B20E438324558CD900FEE651 /* Assets.xcassets */ = {isa = PBXFileReference; lastKnownFileType = folder.assetcatalog; path = Assets.xcassets; sourceTree = "<group>"; };
		B20E438624558CD900FEE651 /* Preview Assets.xcassets */ = {isa = PBXFileReference; lastKnownFileType = folder.assetcatalog; path = "Preview Assets.xcassets"; sourceTree = "<group>"; };
		B20E438924558CD900FEE651 /* Base */ = {isa = PBXFileReference; lastKnownFileType = file.storyboard; name = Base; path = Base.lproj/LaunchScreen.storyboard; sourceTree = "<group>"; };
		B20E438B24558CD900FEE651 /* Info.plist */ = {isa = PBXFileReference; lastKnownFileType = text.plist.xml; path = Info.plist; sourceTree = "<group>"; };
		B20EB8A4246D8F3300D848C8 /* NoteStore.swift */ = {isa = PBXFileReference; lastKnownFileType = sourcecode.swift; path = NoteStore.swift; sourceTree = "<group>"; };
		B20F9F0124757FA800A4A2E8 /* TextView.swift */ = {isa = PBXFileReference; lastKnownFileType = sourcecode.swift; path = TextView.swift; sourceTree = "<group>"; };
		B20F9F032475826C00A4A2E8 /* NoteView.swift */ = {isa = PBXFileReference; lastKnownFileType = sourcecode.swift; path = NoteView.swift; sourceTree = "<group>"; };
		B214643B2479206D0051842B /* FFUserDefault.swift */ = {isa = PBXFileReference; lastKnownFileType = sourcecode.swift; path = FFUserDefault.swift; sourceTree = "<group>"; };
		B2239D32246A2E2000D19C26 /* LoadingButton.swift */ = {isa = PBXFileReference; lastKnownFileType = sourcecode.swift; path = LoadingButton.swift; sourceTree = "<group>"; };
		B22BF5702477A43F00CF1FAD /* AddNoteView.swift */ = {isa = PBXFileReference; lastKnownFileType = sourcecode.swift; path = AddNoteView.swift; sourceTree = "<group>"; };
		B23C6D2D24696E5C006DF363 /* KeyboardRespnder.swift */ = {isa = PBXFileReference; lastKnownFileType = sourcecode.swift; path = KeyboardRespnder.swift; sourceTree = "<group>"; };
		B23C6D3124697C2A006DF363 /* LoadingView.swift */ = {isa = PBXFileReference; lastKnownFileType = sourcecode.swift; path = LoadingView.swift; sourceTree = "<group>"; };
		B258B3E12479494A00E273A9 /* AccountView.swift */ = {isa = PBXFileReference; lastKnownFileType = sourcecode.swift; path = AccountView.swift; sourceTree = "<group>"; };
		B269617C24559B0E00D4DD08 /* NoteListView.swift */ = {isa = PBXFileReference; lastKnownFileType = sourcecode.swift; path = NoteListView.swift; sourceTree = "<group>"; };
		B2C287FC246D9EB10064E345 /* MenuView.swift */ = {isa = PBXFileReference; lastKnownFileType = sourcecode.swift; path = MenuView.swift; sourceTree = "<group>"; };
		B2C287FE246D9F1F0064E345 /* BlurView.swift */ = {isa = PBXFileReference; fileEncoding = 4; lastKnownFileType = sourcecode.swift; path = BlurView.swift; sourceTree = "<group>"; };
		EFC19102267598600865FD7C /* Pods_Note.framework */ = {isa = PBXFileReference; explicitFileType = wrapper.framework; includeInIndex = 0; path = Pods_Note.framework; sourceTree = BUILT_PRODUCTS_DIR; };
/* End PBXFileReference section */

/* Begin PBXFrameworksBuildPhase section */
		B20E437724558CD600FEE651 /* Frameworks */ = {
			isa = PBXFrameworksBuildPhase;
			buildActionMask = 2147483647;
			files = (
				B3C1B5BA0F341254A466BD1E /* Pods_Note.framework in Frameworks */,
			);
			runOnlyForDeploymentPostprocessing = 0;
		};
/* End PBXFrameworksBuildPhase section */

/* Begin PBXGroup section */
		B20E437124558CD600FEE651 = {
			isa = PBXGroup;
			children = (
				B20E437C24558CD600FEE651 /* Note */,
				B20E437B24558CD600FEE651 /* Products */,
				D6C0BDE263D6BBC065B9797E /* Pods */,
				D8F7E9A2FC28702D4CD3B985 /* Frameworks */,
			);
			sourceTree = "<group>";
		};
		B20E437B24558CD600FEE651 /* Products */ = {
			isa = PBXGroup;
			children = (
				B20E437A24558CD600FEE651 /* Note.app */,
			);
			name = Products;
			sourceTree = "<group>";
		};
		B20E437C24558CD600FEE651 /* Note */ = {
			isa = PBXGroup;
			children = (
				B258B3E32479495000E273A9 /* Account */,
				B23C6D3024697B0F006DF363 /* Tool */,
				B2AFB1152475509000AB75F7 /* Note */,
				B23C6D2F24697B02006DF363 /* Login */,
				B20E437D24558CD600FEE651 /* AppDelegate.swift */,
				B20E437F24558CD600FEE651 /* SceneDelegate.swift */,
				B20E438324558CD900FEE651 /* Assets.xcassets */,
				B20E438824558CD900FEE651 /* LaunchScreen.storyboard */,
				B20E438B24558CD900FEE651 /* Info.plist */,
				B20E438524558CD900FEE651 /* Preview Content */,
			);
			path = Note;
			sourceTree = "<group>";
		};
		B20E438524558CD900FEE651 /* Preview Content */ = {
			isa = PBXGroup;
			children = (
				B20E438624558CD900FEE651 /* Preview Assets.xcassets */,
			);
			path = "Preview Content";
			sourceTree = "<group>";
		};
		B2239D34246A2E3900D19C26 /* View */ = {
			isa = PBXGroup;
			children = (
				B2C287FE246D9F1F0064E345 /* BlurView.swift */,
				B23C6D3124697C2A006DF363 /* LoadingView.swift */,
				B2239D32246A2E2000D19C26 /* LoadingButton.swift */,
				B20F9F0124757FA800A4A2E8 /* TextView.swift */,
			);
			path = View;
			sourceTree = "<group>";
		};
		B23C6D2F24697B02006DF363 /* Login */ = {
			isa = PBXGroup;
			children = (
				B20E438124558CD600FEE651 /* LoginView.swift */,
				B20CB68D246982610091BFD3 /* LogonView.swift */,
				B20CB68F2469904D0091BFD3 /* ForgetView.swift */,
			);
			path = Login;
			sourceTree = "<group>";
		};
		B23C6D3024697B0F006DF363 /* Tool */ = {
			isa = PBXGroup;
			children = (
				B2239D34246A2E3900D19C26 /* View */,
				B23C6D2D24696E5C006DF363 /* KeyboardRespnder.swift */,
				B214643B2479206D0051842B /* FFUserDefault.swift */,
			);
			path = Tool;
			sourceTree = "<group>";
		};
		B258B3E32479495000E273A9 /* Account */ = {
			isa = PBXGroup;
			children = (
				B258B3E12479494A00E273A9 /* AccountView.swift */,
			);
			path = Account;
			sourceTree = "<group>";
		};
		B2AFB1152475509000AB75F7 /* Note */ = {
			isa = PBXGroup;
			children = (
				B269617C24559B0E00D4DD08 /* NoteListView.swift */,
				B20EB8A4246D8F3300D848C8 /* NoteStore.swift */,
				B2C287FC246D9EB10064E345 /* MenuView.swift */,
				B20F9F032475826C00A4A2E8 /* NoteView.swift */,
				B22BF5702477A43F00CF1FAD /* AddNoteView.swift */,
			);
			path = Note;
			sourceTree = "<group>";
		};
		D6C0BDE263D6BBC065B9797E /* Pods */ = {
			isa = PBXGroup;
			children = (
				1ECB263E9A79232844B32DA1 /* Pods-Note.debug.xcconfig */,
				99559A4BA3ABF9F8640E2E7C /* Pods-Note.release.xcconfig */,
			);
			path = Pods;
			sourceTree = "<group>";
		};
		D8F7E9A2FC28702D4CD3B985 /* Frameworks */ = {
			isa = PBXGroup;
			children = (
				EFC19102267598600865FD7C /* Pods_Note.framework */,
			);
			name = Frameworks;
			sourceTree = "<group>";
		};
/* End PBXGroup section */

/* Begin PBXNativeTarget section */
		B20E437924558CD600FEE651 /* Note */ = {
			isa = PBXNativeTarget;
			buildConfigurationList = B20E438E24558CD900FEE651 /* Build configuration list for PBXNativeTarget "Note" */;
			buildPhases = (
				80D37F02B838C18D97234939 /* [CP] Check Pods Manifest.lock */,
				B20E437624558CD600FEE651 /* Sources */,
				B20E437724558CD600FEE651 /* Frameworks */,
				B20E437824558CD600FEE651 /* Resources */,
				E78C2A2D4C3B7C64A358E335 /* [CP] Embed Pods Frameworks */,
			);
			buildRules = (
			);
			dependencies = (
			);
			name = Note;
			productName = Note;
			productReference = B20E437A24558CD600FEE651 /* Note.app */;
			productType = "com.apple.product-type.application";
		};
/* End PBXNativeTarget section */

/* Begin PBXProject section */
		B20E437224558CD600FEE651 /* Project object */ = {
			isa = PBXProject;
			attributes = {
				LastSwiftUpdateCheck = 1140;
				LastUpgradeCheck = 1140;
				ORGANIZATIONNAME = "峰";
				TargetAttributes = {
					B20E437924558CD600FEE651 = {
						CreatedOnToolsVersion = 11.4.1;
					};
				};
			};
			buildConfigurationList = B20E437524558CD600FEE651 /* Build configuration list for PBXProject "Note" */;
			compatibilityVersion = "Xcode 9.3";
			developmentRegion = en;
			hasScannedForEncodings = 0;
			knownRegions = (
				en,
				Base,
			);
			mainGroup = B20E437124558CD600FEE651;
			productRefGroup = B20E437B24558CD600FEE651 /* Products */;
			projectDirPath = "";
			projectRoot = "";
			targets = (
				B20E437924558CD600FEE651 /* Note */,
			);
		};
/* End PBXProject section */

/* Begin PBXResourcesBuildPhase section */
		B20E437824558CD600FEE651 /* Resources */ = {
			isa = PBXResourcesBuildPhase;
			buildActionMask = 2147483647;
			files = (
				B20E438A24558CD900FEE651 /* LaunchScreen.storyboard in Resources */,
				B20E438724558CD900FEE651 /* Preview Assets.xcassets in Resources */,
				B20E438424558CD900FEE651 /* Assets.xcassets in Resources */,
			);
			runOnlyForDeploymentPostprocessing = 0;
		};
/* End PBXResourcesBuildPhase section */

/* Begin PBXShellScriptBuildPhase section */
		80D37F02B838C18D97234939 /* [CP] Check Pods Manifest.lock */ = {
			isa = PBXShellScriptBuildPhase;
			buildActionMask = 2147483647;
			files = (
			);
			inputFileListPaths = (
			);
			inputPaths = (
				"${PODS_PODFILE_DIR_PATH}/Podfile.lock",
				"${PODS_ROOT}/Manifest.lock",
			);
			name = "[CP] Check Pods Manifest.lock";
			outputFileListPaths = (
			);
			outputPaths = (
				"$(DERIVED_FILE_DIR)/Pods-Note-checkManifestLockResult.txt",
			);
			runOnlyForDeploymentPostprocessing = 0;
			shellPath = /bin/sh;
			shellScript = "diff \"${PODS_PODFILE_DIR_PATH}/Podfile.lock\" \"${PODS_ROOT}/Manifest.lock\" > /dev/null\nif [ $? != 0 ] ; then\n    # print error to STDERR\n    echo \"error: The sandbox is not in sync with the Podfile.lock. Run 'pod install' or update your CocoaPods installation.\" >&2\n    exit 1\nfi\n# This output is used by Xcode 'outputs' to avoid re-running this script phase.\necho \"SUCCESS\" > \"${SCRIPT_OUTPUT_FILE_0}\"\n";
			showEnvVarsInLog = 0;
		};
		E78C2A2D4C3B7C64A358E335 /* [CP] Embed Pods Frameworks */ = {
			isa = PBXShellScriptBuildPhase;
			buildActionMask = 2147483647;
			files = (
			);
			inputFileListPaths = (
				"${PODS_ROOT}/Target Support Files/Pods-Note/Pods-Note-frameworks-${CONFIGURATION}-input-files.xcfilelist",
			);
			name = "[CP] Embed Pods Frameworks";
			outputFileListPaths = (
				"${PODS_ROOT}/Target Support Files/Pods-Note/Pods-Note-frameworks-${CONFIGURATION}-output-files.xcfilelist",
			);
			runOnlyForDeploymentPostprocessing = 0;
			shellPath = /bin/sh;
			shellScript = "\"${PODS_ROOT}/Target Support Files/Pods-Note/Pods-Note-frameworks.sh\"\n";
			showEnvVarsInLog = 0;
		};
/* End PBXShellScriptBuildPhase section */

/* Begin PBXSourcesBuildPhase section */
		B20E437624558CD600FEE651 /* Sources */ = {
			isa = PBXSourcesBuildPhase;
			buildActionMask = 2147483647;
			files = (
				B2239D33246A2E2000D19C26 /* LoadingButton.swift in Sources */,
				B20E437E24558CD600FEE651 /* AppDelegate.swift in Sources */,
				B20CB68E246982610091BFD3 /* LogonView.swift in Sources */,
				B258B3E22479494A00E273A9 /* AccountView.swift in Sources */,
				B20F9F0224757FA800A4A2E8 /* TextView.swift in Sources */,
				B20EB8A5246D8F3300D848C8 /* NoteStore.swift in Sources */,
				B23C6D2E24696E5C006DF363 /* KeyboardRespnder.swift in Sources */,
				B2C287FF246D9F200064E345 /* BlurView.swift in Sources */,
				B20E438024558CD600FEE651 /* SceneDelegate.swift in Sources */,
				B2C287FD246D9EB10064E345 /* MenuView.swift in Sources */,
				B22BF5712477A43F00CF1FAD /* AddNoteView.swift in Sources */,
				B20E438224558CD600FEE651 /* LoginView.swift in Sources */,
				B20CB6902469904D0091BFD3 /* ForgetView.swift in Sources */,
				B269617D24559B0E00D4DD08 /* NoteListView.swift in Sources */,
				B20F9F042475826C00A4A2E8 /* NoteView.swift in Sources */,
				B214643C2479206D0051842B /* FFUserDefault.swift in Sources */,
				B23C6D3224697C2A006DF363 /* LoadingView.swift in Sources */,
			);
			runOnlyForDeploymentPostprocessing = 0;
		};
/* End PBXSourcesBuildPhase section */

/* Begin PBXVariantGroup section */
		B20E438824558CD900FEE651 /* LaunchScreen.storyboard */ = {
			isa = PBXVariantGroup;
			children = (
				B20E438924558CD900FEE651 /* Base */,
			);
			name = LaunchScreen.storyboard;
			sourceTree = "<group>";
		};
/* End PBXVariantGroup section */

/* Begin XCBuildConfiguration section */
		B20E438C24558CD900FEE651 /* Debug */ = {
			isa = XCBuildConfiguration;
			buildSettings = {
				ALWAYS_SEARCH_USER_PATHS = NO;
				CLANG_ANALYZER_NONNULL = YES;
				CLANG_ANALYZER_NUMBER_OBJECT_CONVERSION = YES_AGGRESSIVE;
				CLANG_CXX_LANGUAGE_STANDARD = "gnu++14";
				CLANG_CXX_LIBRARY = "libc++";
				CLANG_ENABLE_MODULES = YES;
				CLANG_ENABLE_OBJC_ARC = YES;
				CLANG_ENABLE_OBJC_WEAK = YES;
				CLANG_WARN_BLOCK_CAPTURE_AUTORELEASING = YES;
				CLANG_WARN_BOOL_CONVERSION = YES;
				CLANG_WARN_COMMA = YES;
				CLANG_WARN_CONSTANT_CONVERSION = YES;
				CLANG_WARN_DEPRECATED_OBJC_IMPLEMENTATIONS = YES;
				CLANG_WARN_DIRECT_OBJC_ISA_USAGE = YES_ERROR;
				CLANG_WARN_DOCUMENTATION_COMMENTS = YES;
				CLANG_WARN_EMPTY_BODY = YES;
				CLANG_WARN_ENUM_CONVERSION = YES;
				CLANG_WARN_INFINITE_RECURSION = YES;
				CLANG_WARN_INT_CONVERSION = YES;
				CLANG_WARN_NON_LITERAL_NULL_CONVERSION = YES;
				CLANG_WARN_OBJC_IMPLICIT_RETAIN_SELF = YES;
				CLANG_WARN_OBJC_LITERAL_CONVERSION = YES;
				CLANG_WARN_OBJC_ROOT_CLASS = YES_ERROR;
				CLANG_WARN_RANGE_LOOP_ANALYSIS = YES;
				CLANG_WARN_STRICT_PROTOTYPES = YES;
				CLANG_WARN_SUSPICIOUS_MOVE = YES;
				CLANG_WARN_UNGUARDED_AVAILABILITY = YES_AGGRESSIVE;
				CLANG_WARN_UNREACHABLE_CODE = YES;
				CLANG_WARN__DUPLICATE_METHOD_MATCH = YES;
				COPY_PHASE_STRIP = NO;
				DEBUG_INFORMATION_FORMAT = dwarf;
				ENABLE_STRICT_OBJC_MSGSEND = YES;
				ENABLE_TESTABILITY = YES;
				GCC_C_LANGUAGE_STANDARD = gnu11;
				GCC_DYNAMIC_NO_PIC = NO;
				GCC_NO_COMMON_BLOCKS = YES;
				GCC_OPTIMIZATION_LEVEL = 0;
				GCC_PREPROCESSOR_DEFINITIONS = (
					"DEBUG=1",
					"$(inherited)",
				);
				GCC_WARN_64_TO_32_BIT_CONVERSION = YES;
				GCC_WARN_ABOUT_RETURN_TYPE = YES_ERROR;
				GCC_WARN_UNDECLARED_SELECTOR = YES;
				GCC_WARN_UNINITIALIZED_AUTOS = YES_AGGRESSIVE;
				GCC_WARN_UNUSED_FUNCTION = YES;
				GCC_WARN_UNUSED_VARIABLE = YES;
				IPHONEOS_DEPLOYMENT_TARGET = 13.4;
				MTL_ENABLE_DEBUG_INFO = INCLUDE_SOURCE;
				MTL_FAST_MATH = YES;
				ONLY_ACTIVE_ARCH = YES;
				SDKROOT = iphoneos;
				SWIFT_ACTIVE_COMPILATION_CONDITIONS = DEBUG;
				SWIFT_OPTIMIZATION_LEVEL = "-Onone";
			};
			name = Debug;
		};
		B20E438D24558CD900FEE651 /* Release */ = {
			isa = XCBuildConfiguration;
			buildSettings = {
				ALWAYS_SEARCH_USER_PATHS = NO;
				CLANG_ANALYZER_NONNULL = YES;
				CLANG_ANALYZER_NUMBER_OBJECT_CONVERSION = YES_AGGRESSIVE;
				CLANG_CXX_LANGUAGE_STANDARD = "gnu++14";
				CLANG_CXX_LIBRARY = "libc++";
				CLANG_ENABLE_MODULES = YES;
				CLANG_ENABLE_OBJC_ARC = YES;
				CLANG_ENABLE_OBJC_WEAK = YES;
				CLANG_WARN_BLOCK_CAPTURE_AUTORELEASING = YES;
				CLANG_WARN_BOOL_CONVERSION = YES;
				CLANG_WARN_COMMA = YES;
				CLANG_WARN_CONSTANT_CONVERSION = YES;
				CLANG_WARN_DEPRECATED_OBJC_IMPLEMENTATIONS = YES;
				CLANG_WARN_DIRECT_OBJC_ISA_USAGE = YES_ERROR;
				CLANG_WARN_DOCUMENTATION_COMMENTS = YES;
				CLANG_WARN_EMPTY_BODY = YES;
				CLANG_WARN_ENUM_CONVERSION = YES;
				CLANG_WARN_INFINITE_RECURSION = YES;
				CLANG_WARN_INT_CONVERSION = YES;
				CLANG_WARN_NON_LITERAL_NULL_CONVERSION = YES;
				CLANG_WARN_OBJC_IMPLICIT_RETAIN_SELF = YES;
				CLANG_WARN_OBJC_LITERAL_CONVERSION = YES;
				CLANG_WARN_OBJC_ROOT_CLASS = YES_ERROR;
				CLANG_WARN_RANGE_LOOP_ANALYSIS = YES;
				CLANG_WARN_STRICT_PROTOTYPES = YES;
				CLANG_WARN_SUSPICIOUS_MOVE = YES;
				CLANG_WARN_UNGUARDED_AVAILABILITY = YES_AGGRESSIVE;
				CLANG_WARN_UNREACHABLE_CODE = YES;
				CLANG_WARN__DUPLICATE_METHOD_MATCH = YES;
				COPY_PHASE_STRIP = NO;
				DEBUG_INFORMATION_FORMAT = "dwarf-with-dsym";
				ENABLE_NS_ASSERTIONS = NO;
				ENABLE_STRICT_OBJC_MSGSEND = YES;
				GCC_C_LANGUAGE_STANDARD = gnu11;
				GCC_NO_COMMON_BLOCKS = YES;
				GCC_WARN_64_TO_32_BIT_CONVERSION = YES;
				GCC_WARN_ABOUT_RETURN_TYPE = YES_ERROR;
				GCC_WARN_UNDECLARED_SELECTOR = YES;
				GCC_WARN_UNINITIALIZED_AUTOS = YES_AGGRESSIVE;
				GCC_WARN_UNUSED_FUNCTION = YES;
				GCC_WARN_UNUSED_VARIABLE = YES;
				IPHONEOS_DEPLOYMENT_TARGET = 13.4;
				MTL_ENABLE_DEBUG_INFO = NO;
				MTL_FAST_MATH = YES;
				SDKROOT = iphoneos;
				SWIFT_COMPILATION_MODE = wholemodule;
				SWIFT_OPTIMIZATION_LEVEL = "-O";
				VALIDATE_PRODUCT = YES;
			};
			name = Release;
		};
		B20E438F24558CD900FEE651 /* Debug */ = {
			isa = XCBuildConfiguration;
			baseConfigurationReference = 1ECB263E9A79232844B32DA1 /* Pods-Note.debug.xcconfig */;
			buildSettings = {
				ASSETCATALOG_COMPILER_APPICON_NAME = AppIcon;
				CODE_SIGN_STYLE = Automatic;
				DEVELOPMENT_ASSET_PATHS = "\"Note/Preview Content\"";
				DEVELOPMENT_TEAM = G59LUC6995;
				ENABLE_PREVIEWS = YES;
				INFOPLIST_FILE = Note/Info.plist;
				LD_RUNPATH_SEARCH_PATHS = (
					"$(inherited)",
					"@executable_path/Frameworks",
				);
				PRODUCT_BUNDLE_IDENTIFIER = feng.Note;
				PRODUCT_NAME = "$(TARGET_NAME)";
				SWIFT_VERSION = 5.0;
				TARGETED_DEVICE_FAMILY = "1,2";
			};
			name = Debug;
		};
		B20E439024558CD900FEE651 /* Release */ = {
			isa = XCBuildConfiguration;
			baseConfigurationReference = 99559A4BA3ABF9F8640E2E7C /* Pods-Note.release.xcconfig */;
			buildSettings = {
				ASSETCATALOG_COMPILER_APPICON_NAME = AppIcon;
				CODE_SIGN_STYLE = Automatic;
				DEVELOPMENT_ASSET_PATHS = "\"Note/Preview Content\"";
				DEVELOPMENT_TEAM = G59LUC6995;
				ENABLE_PREVIEWS = YES;
				INFOPLIST_FILE = Note/Info.plist;
				LD_RUNPATH_SEARCH_PATHS = (
					"$(inherited)",
					"@executable_path/Frameworks",
				);
				PRODUCT_BUNDLE_IDENTIFIER = feng.Note;
				PRODUCT_NAME = "$(TARGET_NAME)";
				SWIFT_VERSION = 5.0;
				TARGETED_DEVICE_FAMILY = "1,2";
			};
			name = Release;
		};
/* End XCBuildConfiguration section */

/* Begin XCConfigurationList section */
		B20E437524558CD600FEE651 /* Build configuration list for PBXProject "Note" */ = {
			isa = XCConfigurationList;
			buildConfigurations = (
				B20E438C24558CD900FEE651 /* Debug */,
				B20E438D24558CD900FEE651 /* Release */,
			);
			defaultConfigurationIsVisible = 0;
			defaultConfigurationName = Release;
		};
		B20E438E24558CD900FEE651 /* Build configuration list for PBXNativeTarget "Note" */ = {
			isa = XCConfigurationList;
			buildConfigurations = (
				B20E438F24558CD900FEE651 /* Debug */,
				B20E439024558CD900FEE651 /* Release */,
			);
			defaultConfigurationIsVisible = 0;
			defaultConfigurationName = Release;
		};
/* End XCConfigurationList section */
	};
	rootObject = B20E437224558CD600FEE651 /* Project object */;
}
